
Microsoft Visual Studio Solution File, Format Version 12.00
# Visual Studio 15
VisualStudioVersion = 15.0.26730.10
MinimumVisualStudioVersion = 10.0.40219.1
Project("{FAE04EC0-301F-11D3-BF4B-00C04F79EFBC}") = "Common", "Common\Common.csproj", "{B2AE6E27-C536-4C2C-8E47-58611F1BE4F1}"
EndProject
Project("{FAE04EC0-301F-11D3-BF4B-00C04F79EFBC}") = "Common.UnitTests", "Common.UnitTests\Common.UnitTests.csproj", "{9C662F82-1C87-43A5-B86E-266C5BA2036A}"
EndProject
Global
	GlobalSection(SolutionConfigurationPlatforms) = preSolution
		Debug|Any CPU = Debug|Any CPU
		Release|Any CPU = Release|Any CPU
	EndGlobalSection
	GlobalSection(ProjectConfigurationPlatforms) = postSolution
		{B2AE6E27-C536-4C2C-8E47-58611F1BE4F1}.Debug|Any CPU.ActiveCfg = Debug|Any CPU
		{B2AE6E27-C536-4C2C-8E47-58611F1BE4F1}.Debug|Any CPU.Build.0 = Debug|Any CPU
		{B2AE6E27-C536-4C2C-8E47-58611F1BE4F1}.Release|Any CPU.ActiveCfg = Release|Any CPU
		{B2AE6E27-C536-4C2C-8E47-58611F1BE4F1}.Release|Any CPU.Build.0 = Release|Any CPU
		{9C662F82-1C87-43A5-B86E-266C5BA2036A}.Debug|Any CPU.ActiveCfg = Debug|Any CPU
		{9C662F82-1C87-43A5-B86E-266C5BA2036A}.Debug|Any CPU.Build.0 = Debug|Any CPU
		{9C662F82-1C87-43A5-B86E-266C5BA2036A}.Release|Any CPU.ActiveCfg = Release|Any CPU
		{9C662F82-1C87-43A5-B86E-266C5BA2036A}.Release|Any CPU.Build.0 = Release|Any CPU
	EndGlobalSection
	GlobalSection(SolutionProperties) = preSolution
		HideSolutionNode = FALSE
	EndGlobalSection
	GlobalSection(ExtensibilityGlobals) = postSolution
		SolutionGuid = {0A04D784-E785-446C-A654-DBE9C4DE71B9}
	EndGlobalSection
EndGlobal
